
Microsoft Visual Studio Solution File, Format Version 12.00
# Visual Studio Version 17
VisualStudioVersion = 17.14.36221.1
MinimumVisualStudioVersion = 10.0.40219.1
Project("{D2ABAB84-BF74-430A-B69E-9DC6D40DDA17}") = "AnalisisServiceLCSW", "ProyectoMultidimensional2\AnalisisServiceLCSW.dwproj", "{26695074-7EA9-9417-C43F-C4429D25E9AD}"
EndProject
Project("{C9674DCB-5085-4A16-B785-4C70DD1589BD}") = "SSIS_LendingClub_DW", "..\Integration_Service_LendingClub_DW\ETL_LendingClub_DW_After\SSIS_LendingClub_DW.dtproj", "{2429ABCA-4B0D-04AC-3271-59D972FAA79A}"
EndProject
Project("{F14B399A-7131-4C87-9E4B-1186C45EF12D}") = "ReportingServices_DW", "..\ReportingServices_LendingClub\Proyecto de informe1\ReportingServices_DW.rptproj", "{E514BFAF-4EC0-C5AD-4C1E-1DEAF7E3AB41}"
EndProject
Global
	GlobalSection(SolutionConfigurationPlatforms) = preSolution
		Debug|Default = Debug|Default
		DebugLocal|Default = DebugLocal|Default
		Development|Default = Development|Default
		Release|Default = Release|Default
	EndGlobalSection
	GlobalSection(ProjectConfigurationPlatforms) = postSolution
		{26695074-7EA9-9417-C43F-C4429D25E9AD}.Debug|Default.ActiveCfg = Development
		{26695074-7EA9-9417-C43F-C4429D25E9AD}.Debug|Default.Build.0 = Development
		{26695074-7EA9-9417-C43F-C4429D25E9AD}.Debug|Default.Deploy.0 = Development
		{26695074-7EA9-9417-C43F-C4429D25E9AD}.DebugLocal|Default.ActiveCfg = Development
		{26695074-7EA9-9417-C43F-C4429D25E9AD}.DebugLocal|Default.Build.0 = Development
		{26695074-7EA9-9417-C43F-C4429D25E9AD}.DebugLocal|Default.Deploy.0 = Development
		{26695074-7EA9-9417-C43F-C4429D25E9AD}.Development|Default.ActiveCfg = Development
		{26695074-7EA9-9417-C43F-C4429D25E9AD}.Development|Default.Build.0 = Development
		{26695074-7EA9-9417-C43F-C4429D25E9AD}.Development|Default.Deploy.0 = Development
		{26695074-7EA9-9417-C43F-C4429D25E9AD}.Release|Default.ActiveCfg = Development
		{26695074-7EA9-9417-C43F-C4429D25E9AD}.Release|Default.Build.0 = Development
		{26695074-7EA9-9417-C43F-C4429D25E9AD}.Release|Default.Deploy.0 = Development
		{2429ABCA-4B0D-04AC-3271-59D972FAA79A}.Debug|Default.ActiveCfg = Development
		{2429ABCA-4B0D-04AC-3271-59D972FAA79A}.Debug|Default.Build.0 = Development
		{2429ABCA-4B0D-04AC-3271-59D972FAA79A}.DebugLocal|Default.ActiveCfg = Development
		{2429ABCA-4B0D-04AC-3271-59D972FAA79A}.DebugLocal|Default.Build.0 = Development
		{2429ABCA-4B0D-04AC-3271-59D972FAA79A}.Development|Default.ActiveCfg = Development
		{2429ABCA-4B0D-04AC-3271-59D972FAA79A}.Development|Default.Build.0 = Development
		{2429ABCA-4B0D-04AC-3271-59D972FAA79A}.Release|Default.ActiveCfg = Development
		{2429ABCA-4B0D-04AC-3271-59D972FAA79A}.Release|Default.Build.0 = Development
		{E514BFAF-4EC0-C5AD-4C1E-1DEAF7E3AB41}.Debug|Default.ActiveCfg = Debug
		{E514BFAF-4EC0-C5AD-4C1E-1DEAF7E3AB41}.Debug|Default.Build.0 = Debug
		{E514BFAF-4EC0-C5AD-4C1E-1DEAF7E3AB41}.Debug|Default.Deploy.0 = Debug
		{E514BFAF-4EC0-C5AD-4C1E-1DEAF7E3AB41}.DebugLocal|Default.ActiveCfg = DebugLocal
		{E514BFAF-4EC0-C5AD-4C1E-1DEAF7E3AB41}.DebugLocal|Default.Build.0 = DebugLocal
		{E514BFAF-4EC0-C5AD-4C1E-1DEAF7E3AB41}.DebugLocal|Default.Deploy.0 = DebugLocal
		{E514BFAF-4EC0-C5AD-4C1E-1DEAF7E3AB41}.Development|Default.ActiveCfg = Release
		{E514BFAF-4EC0-C5AD-4C1E-1DEAF7E3AB41}.Development|Default.Build.0 = Release
		{E514BFAF-4EC0-C5AD-4C1E-1DEAF7E3AB41}.Development|Default.Deploy.0 = Release
		{E514BFAF-4EC0-C5AD-4C1E-1DEAF7E3AB41}.Release|Default.ActiveCfg = Release
		{E514BFAF-4EC0-C5AD-4C1E-1DEAF7E3AB41}.Release|Default.Build.0 = Release
		{E514BFAF-4EC0-C5AD-4C1E-1DEAF7E3AB41}.Release|Default.Deploy.0 = Release
	EndGlobalSection
	GlobalSection(SolutionProperties) = preSolution
		HideSolutionNode = FALSE
	EndGlobalSection
	GlobalSection(ExtensibilityGlobals) = postSolution
		SolutionGuid = {3AF923DE-B87C-4202-94E1-A70D8EA6E3BA}
	EndGlobalSection
EndGlobal
